<?xml version="1.0" encoding="utf-8"?>
<Project ToolsVersion="4.0" xmlns="http://schemas.microsoft.com/developer/msbuild/2003">
  <ItemGroup>
    <Filter Include="Common">
      <UniqueIdentifier>225522e2-91b7-4646-acaa-a55b79e82968</UniqueIdentifier>
    </Filter>
    <Filter Include="Assets">
      <UniqueIdentifier>8b63201d-87f5-439b-8da8-b61e8cad2efc</UniqueIdentifier>
      <Extensions>ico;cur;bmp;dds;dlg;fbx;rct;bin;rgs;gif;jpg;jpeg;jpe;resx;tga;tiff;tif;png;wav;mfcribbon-ms</Extensions>
    </Filter>
    <Filter Include="DirectXObjects">
      <UniqueIdentifier>{16158fd4-c95f-4b4f-bfd7-e99408b0dad0}</UniqueIdentifier>
    </Filter>
    <Filter Include="DirectXObjects\DirectXUtility">
      <UniqueIdentifier>{b301beb3-1ecd-46f1-ae5c-1f65230d0431}</UniqueIdentifier>
    </Filter>
    <Filter Include="Custom Objects">
      <UniqueIdentifier>{56ec1277-06e6-4ed5-be38-42b3e35baf97}</UniqueIdentifier>
    </Filter>
    <Filter Include="Tools">
      <UniqueIdentifier>{8aa379ca-2dd0-4724-b35f-d3fcf338e3d7}</UniqueIdentifier>
    </Filter>
    <Filter Include="Source">
      <UniqueIdentifier>{8e98c688-2ebd-4ab1-b483-0e6b0e3ffe19}</UniqueIdentifier>
    </Filter>
    <Filter Include="Source\UI_Objects">
      <UniqueIdentifier>{3751d4c2-02ef-4081-9868-585f5ba260c1}</UniqueIdentifier>
    </Filter>
    <Filter Include="Source\UI_Objects\Shapes">
      <UniqueIdentifier>{f8bbccbc-4a8f-4cfe-aa7f-19f91352e096}</UniqueIdentifier>
    </Filter>
    <Filter Include="Source\Components">
      <UniqueIdentifier>{2707d525-d565-4ddc-bb50-709703184c7e}</UniqueIdentifier>
    </Filter>
    <Filter Include="Source\Enum">
      <UniqueIdentifier>{09143a39-36a3-486f-bd26-2324e582672d}</UniqueIdentifier>
    </Filter>
    <Filter Include="Source\Game">
      <UniqueIdentifier>{911b6ffc-c78c-4b18-bd25-eb7832406241}</UniqueIdentifier>
    </Filter>
    <Filter Include="Source\Managers">
      <UniqueIdentifier>{0fbdf27c-5f68-49fb-bfb0-84652374c479}</UniqueIdentifier>
    </Filter>
    <Filter Include="Source\Tools">
      <UniqueIdentifier>{0ca7c428-1ff8-4a3f-93ed-f10967728a3e}</UniqueIdentifier>
    </Filter>
  </ItemGroup>
  <ItemGroup>
    <ClInclude Include="pch.h" />
    <ClInclude Include="Game.h" />
    <ClInclude Include="StepTimer.h">
      <Filter>Common</Filter>
    </ClInclude>
    <ClInclude Include="DeviceResources.h">
      <Filter>Common</Filter>
    </ClInclude>
    <ClInclude Include="d3dx12.h">
      <Filter>Common</Filter>
    </ClInclude>
    <ClInclude Include="Source\Components\BoxCollider.h">
      <Filter>Source\Components</Filter>
    </ClInclude>
    <ClInclude Include="Source\Components\Component.h">
      <Filter>Source\Components</Filter>
    </ClInclude>
    <ClInclude Include="Source\UI_Objects\Image.h">
      <Filter>Source\UI_Objects</Filter>
    </ClInclude>
    <ClInclude Include="Source\UI_Objects\Line.h">
      <Filter>Source\UI_Objects</Filter>
    </ClInclude>
    <ClInclude Include="Source\UI_Objects\Text.h">
      <Filter>Source\UI_Objects</Filter>
    </ClInclude>
    <ClInclude Include="Source\UI_Objects\Shapes\Quad.h">
      <Filter>Source\UI_Objects\Shapes</Filter>
    </ClInclude>
    <ClInclude Include="Source\UI_Objects\Shapes\Shape.h">
      <Filter>Source\UI_Objects\Shapes</Filter>
    </ClInclude>
    <ClInclude Include="Source\UI_Objects\Shapes\Triangle.h">
      <Filter>Source\UI_Objects\Shapes</Filter>
    </ClInclude>
    <ClInclude Include="Source\Enum\EnumData.h">
      <Filter>Source\Enum</Filter>
    </ClInclude>
    <ClInclude Include="Source\Managers\InputManager.h">
      <Filter>Source\Managers</Filter>
    </ClInclude>
    <ClInclude Include="Source\Managers\GameObjectManager.h">
      <Filter>Source\Managers</Filter>
    </ClInclude>
    <ClInclude Include="Source\Components\RigidBody.h">
      <Filter>Source\Components</Filter>
    </ClInclude>
    <ClInclude Include="Source\Tools\Raycast.h">
      <Filter>Source\Tools</Filter>
    </ClInclude>
    <ClInclude Include="Source\Game\World.h">
      <Filter>Source\Game</Filter>
    </ClInclude>
    <ClInclude Include="Source\UI_Objects\UIObject.h">
      <Filter>Source\UI_Objects</Filter>
    </ClInclude>
    <ClInclude Include="Source\Game\GameObject.h">
      <Filter>Source\Game</Filter>
    </ClInclude>
    <ClInclude Include="Source\CustomObjects\Controller.h">
      <Filter>Source\Game</Filter>
    </ClInclude>
    <ClInclude Include="Source\Managers\DirectXUtility.h">
      <Filter>Source\Managers</Filter>
    </ClInclude>
    <ClInclude Include="Source\Components\PlayerController.h">
      <Filter>Source\Components</Filter>
    </ClInclude>
    <ClInclude Include="Source\CustomObjects\Player.h" />
    <ClInclude Include="Source\Components\ControllerUI.h" />
    <ClInclude Include="Source\Components\DebuggerUI.h" />
    <ClInclude Include="Source\CustomObjects\Debugger.h" />
    <ClInclude Include="Source\Components\Camera.h" />
    <ClInclude Include="Source\Components\AnimationController.h" />
    <ClInclude Include="Source\Managers\SpriteManager.h" />
    <ClInclude Include="ExternalLibraries\json.hpp" />
  </ItemGroup>
  <ItemGroup>
    <ClCompile Include="pch.cpp" />
    <ClCompile Include="Game.cpp" />
    <ClCompile Include="Main.cpp" />
    <ClCompile Include="DeviceResources.cpp">
      <Filter>Common</Filter>
    </ClCompile>
    <ClCompile Include="Source\Components\BoxCollider.cpp">
      <Filter>Source\Components</Filter>
    </ClCompile>
    <ClCompile Include="Source\Components\Component.cpp">
      <Filter>Source\Components</Filter>
    </ClCompile>
    <ClCompile Include="Source\UI_Objects\Image.cpp">
      <Filter>Source\UI_Objects</Filter>
    </ClCompile>
    <ClCompile Include="Source\UI_Objects\Line.cpp">
      <Filter>Source\UI_Objects</Filter>
    </ClCompile>
    <ClCompile Include="Source\UI_Objects\Text.cpp">
      <Filter>Source\UI_Objects</Filter>
    </ClCompile>
    <ClCompile Include="Source\UI_Objects\Shapes\Quad.cpp">
      <Filter>Source\UI_Objects\Shapes</Filter>
    </ClCompile>
    <ClCompile Include="Source\UI_Objects\Shapes\Shape.cpp">
      <Filter>Source\UI_Objects\Shapes</Filter>
    </ClCompile>
    <ClCompile Include="Source\UI_Objects\Shapes\Triangle.cpp">
      <Filter>Source\UI_Objects\Shapes</Filter>
    </ClCompile>
    <ClCompile Include="Source\Managers\GameObjectManager.cpp">
      <Filter>Source\Managers</Filter>
    </ClCompile>
    <ClCompile Include="Source\Managers\InputManager.cpp">
      <Filter>Source\Managers</Filter>
    </ClCompile>
    <ClCompile Include="Source\Components\RigidBody.cpp">
      <Filter>Source\Components</Filter>
    </ClCompile>
    <ClCompile Include="Source\Tools\Raycast.cpp">
      <Filter>Source\Tools</Filter>
    </ClCompile>
    <ClCompile Include="Source\Game\World.cpp">
      <Filter>Source\Game</Filter>
    </ClCompile>
    <ClCompile Include="Source\UI_Objects\UIObject.cpp">
      <Filter>Source\UI_Objects</Filter>
    </ClCompile>
    <ClCompile Include="Source\Game\GameObject.cpp">
      <Filter>Source\Game</Filter>
    </ClCompile>
    <ClCompile Include="Source\CustomObjects\Controller.cpp">
      <Filter>Source\Game</Filter>
    </ClCompile>
    <ClCompile Include="Source\Managers\DirectXUtility.cpp">
      <Filter>Source\Managers</Filter>
    </ClCompile>
    <ClCompile Include="Source\Components\PlayerController.cpp">
      <Filter>Source\Components</Filter>
    </ClCompile>
    <ClCompile Include="Source\CustomObjects\Player.cpp" />
    <ClCompile Include="Source\CustomObjects\SolidBox.cpp" />
    <ClCompile Include="Source\CustomObjects\SolidBox.h" />
    <ClCompile Include="Source\Components\ControllerUI.cpp" />
    <ClCompile Include="Source\Components\DebuggerUI.cpp" />
    <ClCompile Include="Source\CustomObjects\Debugger.cpp" />
    <ClCompile Include="Source\Components\Camera.cpp" />
    <ClCompile Include="Source\CustomObjects\Sprite.cpp" />
    <ClCompile Include="Source\Managers\SpriteManager.cpp" />
    <ClCompile Include="Source\Components\AnimationController.cpp" />
  </ItemGroup>
  <ItemGroup>
    <ResourceCompile Include="resource.rc" />
  </ItemGroup>
  <ItemGroup>
    <Image Include="directx.ico">
      <Filter>Assets</Filter>
    </Image>
    <Image Include="roomtexture.dds">
      <Filter>Assets</Filter>
    </Image>
    <Image Include="Images\Mario.png">
      <Filter>Assets</Filter>
    </Image>
  </ItemGroup>
  <ItemGroup>
    <Manifest Include="settings.manifest">
      <Filter>Assets</Filter>
    </Manifest>
  </ItemGroup>
  <ItemGroup>
    <None Include="myfile.spritefont" />
    <None Include="packages.config" />
    <None Include="JSON\World.json" />
    <None Include="JSON\Sprites.json" />
  </ItemGroup>
</Project>