
Microsoft Visual Studio Solution File, Format Version 12.00
# Visual Studio Version 17
VisualStudioVersion = 17.5.33530.505
MinimumVisualStudioVersion = 10.0.40219.1
Project("{8BC9CEB8-8B4A-11D0-8D11-00A0C91BC942}") = "ControllerUINew", "ControllerUINew.vcxproj", "{0D6F6153-3F64-4AFB-99DF-F1CC2E46F8F9}"
EndProject
Global
	GlobalSection(SolutionConfigurationPlatforms) = preSolution
		Debug|x64 = Debug|x64
		Debug|x86 = Debug|x86
		Release|x64 = Release|x64
		Release|x86 = Release|x86
	EndGlobalSection
	GlobalSection(ProjectConfigurationPlatforms) = postSolution
		{0D6F6153-3F64-4AFB-99DF-F1CC2E46F8F9}.Debug|x64.ActiveCfg = Debug|x64
		{0D6F6153-3F64-4AFB-99DF-F1CC2E46F8F9}.Debug|x64.Build.0 = Debug|x64
		{0D6F6153-3F64-4AFB-99DF-F1CC2E46F8F9}.Debug|x86.ActiveCfg = Debug|Win32
		{0D6F6153-3F64-4AFB-99DF-F1CC2E46F8F9}.Debug|x86.Build.0 = Debug|Win32
		{0D6F6153-3F64-4AFB-99DF-F1CC2E46F8F9}.Release|x64.ActiveCfg = Release|x64
		{0D6F6153-3F64-4AFB-99DF-F1CC2E46F8F9}.Release|x64.Build.0 = Release|x64
		{0D6F6153-3F64-4AFB-99DF-F1CC2E46F8F9}.Release|x86.ActiveCfg = Release|Win32
		{0D6F6153-3F64-4AFB-99DF-F1CC2E46F8F9}.Release|x86.Build.0 = Release|Win32
	EndGlobalSection
	GlobalSection(SolutionProperties) = preSolution
		HideSolutionNode = FALSE
	EndGlobalSection
	GlobalSection(ExtensibilityGlobals) = postSolution
		SolutionGuid = {5D6A83FE-BF1B-4F36-BF47-5BE50D48B31E}
	EndGlobalSection
EndGlobal
