<?xml version="1.0" encoding="utf-8"?>
<Project ToolsVersion="4.0" xmlns="http://schemas.microsoft.com/developer/msbuild/2003">
  <ItemGroup>
    <Filter Include="Common">
      <UniqueIdentifier>225522e2-91b7-4646-acaa-a55b79e82968</UniqueIdentifier>
    </Filter>
    <Filter Include="Assets">
      <UniqueIdentifier>8b63201d-87f5-439b-8da8-b61e8cad2efc</UniqueIdentifier>
      <Extensions>ico;cur;bmp;dds;dlg;fbx;rct;bin;rgs;gif;jpg;jpeg;jpe;resx;tga;tiff;tif;png;wav;mfcribbon-ms</Extensions>
    </Filter>
    <Filter Include="DirectXObjects">
      <UniqueIdentifier>{16158fd4-c95f-4b4f-bfd7-e99408b0dad0}</UniqueIdentifier>
    </Filter>
    <Filter Include="DirectXObjects\DirectXUtility">
      <UniqueIdentifier>{b301beb3-1ecd-46f1-ae5c-1f65230d0431}</UniqueIdentifier>
    </Filter>
    <Filter Include="UIObjects">
      <UniqueIdentifier>{3751d4c2-02ef-4081-9868-585f5ba260c1}</UniqueIdentifier>
    </Filter>
    <Filter Include="UIObjects\ModelObjects">
      <UniqueIdentifier>{2707d525-d565-4ddc-bb50-709703184c7e}</UniqueIdentifier>
    </Filter>
    <Filter Include="UIObjects\Shapes">
      <UniqueIdentifier>{f8bbccbc-4a8f-4cfe-aa7f-19f91352e096}</UniqueIdentifier>
    </Filter>
  </ItemGroup>
  <ItemGroup>
    <ClInclude Include="pch.h" />
    <ClInclude Include="Game.h" />
    <ClInclude Include="StepTimer.h">
      <Filter>Common</Filter>
    </ClInclude>
    <ClInclude Include="DeviceResources.h">
      <Filter>Common</Filter>
    </ClInclude>
    <ClInclude Include="d3dx12.h">
      <Filter>Common</Filter>
    </ClInclude>
    <ClInclude Include="GameObject.h">
      <Filter>DirectXObjects</Filter>
    </ClInclude>
    <ClInclude Include="DirectXUtility.h">
      <Filter>DirectXObjects\DirectXUtility</Filter>
    </ClInclude>
    <ClInclude Include="GameObjectManager.h">
      <Filter>DirectXObjects\DirectXUtility</Filter>
    </ClInclude>
    <ClInclude Include="UIObject.h">
      <Filter>UIObjects</Filter>
    </ClInclude>
    <ClInclude Include="Image.h">
      <Filter>UIObjects</Filter>
    </ClInclude>
    <ClInclude Include="Line.h">
      <Filter>UIObjects</Filter>
    </ClInclude>
    <ClInclude Include="Text.h">
      <Filter>UIObjects</Filter>
    </ClInclude>
    <ClInclude Include="Shape.h">
      <Filter>UIObjects\Shapes</Filter>
    </ClInclude>
    <ClInclude Include="Triangle.h">
      <Filter>UIObjects\Shapes</Filter>
    </ClInclude>
  </ItemGroup>
  <ItemGroup>
    <ClCompile Include="pch.cpp" />
    <ClCompile Include="Game.cpp" />
    <ClCompile Include="Main.cpp" />
    <ClCompile Include="DeviceResources.cpp">
      <Filter>Common</Filter>
    </ClCompile>
    <ClCompile Include="GameObject.cpp">
      <Filter>DirectXObjects</Filter>
    </ClCompile>
    <ClCompile Include="DirectXUtility.cpp">
      <Filter>DirectXObjects\DirectXUtility</Filter>
    </ClCompile>
    <ClCompile Include="EnumData.h">
      <Filter>DirectXObjects</Filter>
    </ClCompile>
    <ClCompile Include="GameObjectManager.cpp">
      <Filter>DirectXObjects\DirectXUtility</Filter>
    </ClCompile>
    <ClCompile Include="Image.cpp">
      <Filter>UIObjects</Filter>
    </ClCompile>
    <ClCompile Include="Line.cpp">
      <Filter>UIObjects</Filter>
    </ClCompile>
    <ClCompile Include="Text.cpp">
      <Filter>UIObjects</Filter>
    </ClCompile>
    <ClCompile Include="UIObject.cpp">
      <Filter>UIObjects</Filter>
    </ClCompile>
    <ClCompile Include="Triangle.cpp">
      <Filter>UIObjects\Shapes</Filter>
    </ClCompile>
    <ClCompile Include="Shape.cpp">
      <Filter>UIObjects\Shapes</Filter>
    </ClCompile>
  </ItemGroup>
  <ItemGroup>
    <ResourceCompile Include="resource.rc" />
  </ItemGroup>
  <ItemGroup>
    <Image Include="directx.ico">
      <Filter>Assets</Filter>
    </Image>
  </ItemGroup>
  <ItemGroup>
    <Manifest Include="settings.manifest">
      <Filter>Assets</Filter>
    </Manifest>
  </ItemGroup>
  <ItemGroup>
    <None Include="packages.config" />
    <None Include="myfile.spritefont" />
  </ItemGroup>
</Project>